# This file is automatically @generated by Cargo.
# It is not intended for manual editing.
version = 3

[[package]]
name = "basic_gain"
version = "0.1.0"
dependencies = [
 "crabjuice-audio",
 "crabjuice-dsp",
]

[[package]]
name = "crabjuice-audio"
version = "0.1.0"
dependencies = [
 "crabjuice-midi",
]

[[package]]
name = "crabjuice-core"
version = "0.1.0"

[[package]]
name = "crabjuice-dsp"
version = "0.1.0"
dependencies = [
 "crabjuice-audio",
 "crabjuice-core",
]

[[package]]
name = "crabjuice-midi"
version = "0.1.0"
